
Microsoft Visual Studio Solution File, Format Version 12.00
# Visual Studio Version 17
VisualStudioVersion = 17.1.32319.34
MinimumVisualStudioVersion = 10.0.40219.1
Project("{FAE04EC0-301F-11D3-BF4B-00C04F79EFBC}") = "Lecture_3_Attempt_2_InClassNotes", "Lecture_3_Attempt_2_InClassNotes.csproj", "{20F6D8BC-B9FD-46EE-920C-B1D79D41B08A}"
EndProject
Global
	GlobalSection(SolutionConfigurationPlatforms) = preSolution
		Debug|Any CPU = Debug|Any CPU
		Release|Any CPU = Release|Any CPU
	EndGlobalSection
	GlobalSection(ProjectConfigurationPlatforms) = postSolution
		{20F6D8BC-B9FD-46EE-920C-B1D79D41B08A}.Debug|Any CPU.ActiveCfg = Debug|Any CPU
		{20F6D8BC-B9FD-46EE-920C-B1D79D41B08A}.Debug|Any CPU.Build.0 = Debug|Any CPU
		{20F6D8BC-B9FD-46EE-920C-B1D79D41B08A}.Release|Any CPU.ActiveCfg = Release|Any CPU
		{20F6D8BC-B9FD-46EE-920C-B1D79D41B08A}.Release|Any CPU.Build.0 = Release|Any CPU
	EndGlobalSection
	GlobalSection(SolutionProperties) = preSolution
		HideSolutionNode = FALSE
	EndGlobalSection
	GlobalSection(ExtensibilityGlobals) = postSolution
		SolutionGuid = {4EA5F972-B14A-454D-8560-DD02B3FB0785}
	EndGlobalSection
EndGlobal
